
Microsoft Visual Studio Solution File, Format Version 12.00
# Visual Studio Version 17
VisualStudioVersion = 17.2.32616.157
MinimumVisualStudioVersion = 10.0.40219.1
Project("{FAE04EC0-301F-11D3-BF4B-00C04F79EFBC}") = "Principal", "Principal\Principal.csproj", "{F9B44061-CEE2-480F-99D2-3F50ED082C82}"
EndProject
Project("{FAE04EC0-301F-11D3-BF4B-00C04F79EFBC}") = "Datos", "Datos\Datos.csproj", "{8AE1992B-B962-45D6-A512-DA09458C044F}"
EndProject
Global
	GlobalSection(SolutionConfigurationPlatforms) = preSolution
		Debug|Any CPU = Debug|Any CPU
		Release|Any CPU = Release|Any CPU
	EndGlobalSection
	GlobalSection(ProjectConfigurationPlatforms) = postSolution
		{F9B44061-CEE2-480F-99D2-3F50ED082C82}.Debug|Any CPU.ActiveCfg = Debug|Any CPU
		{F9B44061-CEE2-480F-99D2-3F50ED082C82}.Debug|Any CPU.Build.0 = Debug|Any CPU
		{F9B44061-CEE2-480F-99D2-3F50ED082C82}.Release|Any CPU.ActiveCfg = Release|Any CPU
		{F9B44061-CEE2-480F-99D2-3F50ED082C82}.Release|Any CPU.Build.0 = Release|Any CPU
		{8AE1992B-B962-45D6-A512-DA09458C044F}.Debug|Any CPU.ActiveCfg = Debug|Any CPU
		{8AE1992B-B962-45D6-A512-DA09458C044F}.Debug|Any CPU.Build.0 = Debug|Any CPU
		{8AE1992B-B962-45D6-A512-DA09458C044F}.Release|Any CPU.ActiveCfg = Release|Any CPU
		{8AE1992B-B962-45D6-A512-DA09458C044F}.Release|Any CPU.Build.0 = Release|Any CPU
	EndGlobalSection
	GlobalSection(SolutionProperties) = preSolution
		HideSolutionNode = FALSE
	EndGlobalSection
	GlobalSection(ExtensibilityGlobals) = postSolution
		SolutionGuid = {4823DD44-E528-4CC7-8C22-767702B3D8A1}
	EndGlobalSection
EndGlobal
